PODS:
  - Flutter (1.0.0)
  - Masonry (1.1.0)
  - SDWebImage (5.12.1):
    - SDWebImage/Core (= 5.12.1)
  - SDWebImage/Core (5.12.1)
  - sigmobad (0.0.1):
    - Flutter
    - Masonry
    - SDWebImage (= 5.12.1)
    - SigmobAd-iOS (= 4.2.1)
  - SigmobAd-iOS (4.2.1):
    - SigmobAd-iOS/WindSDK (= 4.2.1)
  - SigmobAd-iOS/WindFoundation (4.2.1)
  - SigmobAd-iOS/WindSDK (4.2.1):
    - SigmobAd-iOS/WindFoundation

DEPENDENCIES:
  - Flutter (from `Flutter`)
  - sigmobad (from `.symlinks/plugins/sigmobad/ios`)

SPEC REPOS:
  trunk:
    - Masonry
    - SDWebImage
    - SigmobAd-iOS

EXTERNAL SOURCES:
  Flutter:
    :path: Flutter
  sigmobad:
    :path: ".symlinks/plugins/sigmobad/ios"

SPEC CHECKSUMS:
  Flutter: 50d75fe2f02b26cc09d224853bb45737f8b3214a
  Masonry: 678fab65091a9290e40e2832a55e7ab731aad201
  SDWebImage: 4dc3e42d9ec0c1028b960a33ac6b637bb432207b
  sigmobad: 73a7b7146b8d5d287d26240be31b9fe0470f3735
  SigmobAd-iOS: 70863fd508c5ff2ce6fa035c5e1f52d8643c30b8

PODFILE CHECKSUM: 02d221f1e7d9462bff20092f7b45d080159f4852

COCOAPODS: 1.11.3
