PODS:
  - Flutter (1.0.0)
  - Masonry (1.1.0)
  - SDWebImage (5.12.1):
    - SDWebImage/Core (= 5.12.1)
  - SDWebImage/Core (5.12.1)
  - sigmobad (0.0.1):
    - Flutter
    - Masonry
    - SDWebImage (= 5.12.1)
    - SigmobAd-iOS (= 4.5.0)
  - SigmobAd-iOS (4.5.0):
    - SigmobAd-iOS/WindSDK (= 4.5.0)
  - SigmobAd-iOS/WindFoundation (4.5.0)
  - SigmobAd-iOS/WindSDK (4.5.0):
    - SigmobAd-iOS/WindFoundation

DEPENDENCIES:
  - Flutter (from `Flutter`)
  - sigmobad (from `.symlinks/plugins/sigmobad/ios`)

SPEC REPOS:
  trunk:
    - Masonry
    - SDWebImage
    - SigmobAd-iOS

EXTERNAL SOURCES:
  Flutter:
    :path: Flutter
  sigmobad:
    :path: ".symlinks/plugins/sigmobad/ios"

SPEC CHECKSUMS:
  Flutter: f04841e97a9d0b0a8025694d0796dd46242b2854
  Masonry: 678fab65091a9290e40e2832a55e7ab731aad201
  SDWebImage: 4dc3e42d9ec0c1028b960a33ac6b637bb432207b
  sigmobad: 9cbfe3e1f7fa40d9cabe7124fc9f3a7b1ed5b69f
  SigmobAd-iOS: 6c9882bb65dbdfee24adb910b469a9fbc5154862

PODFILE CHECKSUM: bfd8cb9c5a07b05028ccd5e7d27153963d4bba14

COCOAPODS: 1.11.3
