PODS:
  - Flutter (1.0.0)
  - Masonry (1.1.0)
  - SDWebImage (5.12.1):
    - SDWebImage/Core (= 5.12.1)
  - SDWebImage/Core (5.12.1)
  - sigmobad (0.0.1):
    - Flutter
    - Masonry
    - SDWebImage (= 5.12.1)
    - SigmobAd-iOS (= 4.13.0)
  - SigmobAd-iOS (4.13.0):
    - SigmobAd-iOS/WindSDK (= 4.13.0)
  - SigmobAd-iOS/WindSDK (4.13.0)

DEPENDENCIES:
  - Flutter (from `Flutter`)
  - sigmobad (from `.symlinks/plugins/sigmobad/ios`)

SPEC REPOS:
  trunk:
    - Masonry
    - SDWebImage
    - SigmobAd-iOS

EXTERNAL SOURCES:
  Flutter:
    :path: Flutter
  sigmobad:
    :path: ".symlinks/plugins/sigmobad/ios"

SPEC CHECKSUMS:
  Flutter: e0871f40cf51350855a761d2e70bf5af5b9b5de7
  Masonry: 678fab65091a9290e40e2832a55e7ab731aad201
  SDWebImage: 4dc3e42d9ec0c1028b960a33ac6b637bb432207b
  sigmobad: d1014af183ca9002033293d7256e385f3f1b4b5c
  SigmobAd-iOS: a813743e943bac18e19828e58c870fafe34478fa

PODFILE CHECKSUM: a69b4e639ad4e65c02c4d8b5b17642141111f056

COCOAPODS: 1.15.2
